
Microsoft Visual Studio Solution File, Format Version 12.00
# Visual Studio 15
VisualStudioVersion = 15.0.27004.2008
MinimumVisualStudioVersion = 10.0.40219.1
Project("{151D2E53-A2C4-4D7D-83FE-D05416EBD58E}") = "AzureResourceGroup1", "AzureResourceGroup1\AzureResourceGroup1.deployproj", "{8C44B178-EFCF-4B91-ABCF-D0F33AE44058}"
EndProject
Global
	GlobalSection(SolutionConfigurationPlatforms) = preSolution
		Debug|Any CPU = Debug|Any CPU
		Release|Any CPU = Release|Any CPU
	EndGlobalSection
	GlobalSection(ProjectConfigurationPlatforms) = postSolution
		{8C44B178-EFCF-4B91-ABCF-D0F33AE44058}.Debug|Any CPU.ActiveCfg = Debug|Any CPU
		{8C44B178-EFCF-4B91-ABCF-D0F33AE44058}.Debug|Any CPU.Build.0 = Debug|Any CPU
		{8C44B178-EFCF-4B91-ABCF-D0F33AE44058}.Release|Any CPU.ActiveCfg = Release|Any CPU
		{8C44B178-EFCF-4B91-ABCF-D0F33AE44058}.Release|Any CPU.Build.0 = Release|Any CPU
	EndGlobalSection
	GlobalSection(SolutionProperties) = preSolution
		HideSolutionNode = FALSE
	EndGlobalSection
	GlobalSection(ExtensibilityGlobals) = postSolution
		SolutionGuid = {4DADCA50-4FBF-4EDA-BD11-39192C4C0C82}
	EndGlobalSection
EndGlobal
