
Microsoft Visual Studio Solution File, Format Version 12.00
# Visual Studio 15
VisualStudioVersion = 15.0.27004.2008
MinimumVisualStudioVersion = 10.0.40219.1
Project("{151D2E53-A2C4-4D7D-83FE-D05416EBD58E}") = "AzureResourceGroup-MHZ-Test", "AzureResourceGroup-MHZ-Test\AzureResourceGroup-MHZ-Test.deployproj", "{5BE83206-07F6-460F-86BC-CFCAF64566F7}"
EndProject
Global
	GlobalSection(SolutionConfigurationPlatforms) = preSolution
		Debug|Any CPU = Debug|Any CPU
		Release|Any CPU = Release|Any CPU
	EndGlobalSection
	GlobalSection(ProjectConfigurationPlatforms) = postSolution
		{5BE83206-07F6-460F-86BC-CFCAF64566F7}.Debug|Any CPU.ActiveCfg = Debug|Any CPU
		{5BE83206-07F6-460F-86BC-CFCAF64566F7}.Debug|Any CPU.Build.0 = Debug|Any CPU
		{5BE83206-07F6-460F-86BC-CFCAF64566F7}.Release|Any CPU.ActiveCfg = Release|Any CPU
		{5BE83206-07F6-460F-86BC-CFCAF64566F7}.Release|Any CPU.Build.0 = Release|Any CPU
	EndGlobalSection
	GlobalSection(SolutionProperties) = preSolution
		HideSolutionNode = FALSE
	EndGlobalSection
	GlobalSection(ExtensibilityGlobals) = postSolution
		SolutionGuid = {AA33600B-2728-4328-B53C-315DF356967C}
	EndGlobalSection
EndGlobal
